
Microsoft Visual Studio Solution File, Format Version 12.00
# Visual Studio Version 17
VisualStudioVersion = 17.8.34511.84
MinimumVisualStudioVersion = 10.0.40219.1
Project("{FAE04EC0-301F-11D3-BF4B-00C04F79EFBC}") = "DocumentManagement", "DocumentManagement.csproj", "{796A154F-D80F-4F3D-A596-7E68F9CF47BA}"
EndProject
Global
	GlobalSection(SolutionConfigurationPlatforms) = preSolution
		Debug|Any CPU = Debug|Any CPU
		Release|Any CPU = Release|Any CPU
	EndGlobalSection
	GlobalSection(ProjectConfigurationPlatforms) = postSolution
		{796A154F-D80F-4F3D-A596-7E68F9CF47BA}.Debug|Any CPU.ActiveCfg = Debug|Any CPU
		{796A154F-D80F-4F3D-A596-7E68F9CF47BA}.Debug|Any CPU.Build.0 = Debug|Any CPU
		{796A154F-D80F-4F3D-A596-7E68F9CF47BA}.Release|Any CPU.ActiveCfg = Release|Any CPU
		{796A154F-D80F-4F3D-A596-7E68F9CF47BA}.Release|Any CPU.Build.0 = Release|Any CPU
	EndGlobalSection
	GlobalSection(SolutionProperties) = preSolution
		HideSolutionNode = FALSE
	EndGlobalSection
	GlobalSection(ExtensibilityGlobals) = postSolution
		SolutionGuid = {6514BF25-176E-43D1-88BE-995DAC56C8D4}
	EndGlobalSection
EndGlobal
